{
  "version": 4,
  "terraform_version": "1.1.5",
  "serial": 38,
  "lineage": "e92eddd8-282f-ff37-a4cb-f938ecacb619",
  "outputs": {
    "public_ip": {
      "value": "",
      "type": "string"
    }
  },
  "resources": [
    {
      "mode": "managed",
      "type": "aws_s3_bucket",
      "name": "freedom_bucket",
      "provider": "provider[\"registry.terraform.io/hashicorp/aws\"]",
      "instances": [
        {
          "schema_version": 0,
          "attributes": {
            "acceleration_status": "",
            "acl": "public-read",
            "arn": "arn:aws:s3:::terraform-s3-freedom",
            "bucket": "terraform-s3-freedom",
            "bucket_domain_name": "terraform-s3-freedom.s3.amazonaws.com",
            "bucket_prefix": null,
            "bucket_regional_domain_name": "terraform-s3-freedom.s3.amazonaws.com",
            "cors_rule": [],
            "force_destroy": false,
            "grant": [],
            "hosted_zone_id": "Z3AQBSTGFYJSTF",
            "id": "terraform-s3-freedom",
            "lifecycle_rule": [],
            "logging": [],
            "object_lock_configuration": [],
            "policy": "{\"Statement\":[{\"Action\":[\"*\"],\"Effect\":\"Allow\",\"Principal\":\"*\",\"Resource\":[\"arn:aws:s3:::terraform-s3-freedom/*\"],\"Sid\":\"PublicReadGetObject\"}],\"Version\":\"2012-10-17\"}",
            "region": "us-east-1",
            "replication_configuration": [],
            "request_payer": "BucketOwner",
            "server_side_encryption_configuration": [],
            "tags": null,
            "tags_all": {},
            "versioning": [
              {
                "enabled": false,
                "mfa_delete": false
              }
            ],
            "website": [],
            "website_domain": null,
            "website_endpoint": null
          },
          "sensitive_attributes": [],
          "private": "bnVsbA=="
        }
      ]
    },
    {
      "mode": "managed",
      "type": "azurerm_linux_virtual_machine",
      "name": "freedom_linux_machine",
      "provider": "provider[\"registry.terraform.io/hashicorp/azurerm\"]",
      "instances": [
        {
          "schema_version": 0,
          "attributes": {
            "additional_capabilities": [],
            "admin_password": null,
            "admin_ssh_key": [
              {
                "public_key": "ssh-rsa AAAAB3NzaC1yc2EAAAADAQABAAABgQCe1QRcDVXwGpznOKwUOlVcMjeAK8fI8wsTTeKZNKmAjsPD2ZCvEKOEsuk1xLtqMi1raIRF5U8KHclZV68vo51uOu42wGTtWUuk5mbbKy+LDOXJ/L/K/7gEY0VedjV8jQVa031dwUC2LyicfENdRvl71SsL3/UqNgWdN+hRssgHJTSW1d1dVT8yDAj6B28dYY31Wzv/2WrgXdVBE0w16h8CQiCiTt9d/o/n5K2JvoHsY2xeSG9AszTprl/1nyL2i2EknnDQuEWXYBui07J2XHb+CYjfiR27BCzrvjMka4f1OLmCS6FlhqlTBnQkQm348Qvkm/9Hj9JxUE07VtxZj7mD4qnSPR2MErcrsozXBH/XURsbo3LyKE4bQ5n5ZrOFwkjmeEqCu4qfQWmQBIGS5z/zgXbS/a6dxjjtcToNs8kmJmBRimTGVvu/oWsIlscACeskNiw+XtZu/9se6GFfxhLSELluITljio28eFFa40VZwZ5zHItkxvqLchYeQZttV/0= generated-by-azure",
                "username": "adminuser"
              }
            ],
            "admin_username": "adminuser",
            "allow_extension_operations": true,
            "availability_set_id": "",
            "boot_diagnostics": [],
            "computer_name": "freedom-linux-machine",
            "custom_data": null,
            "dedicated_host_group_id": "",
            "dedicated_host_id": "",
            "disable_password_authentication": true,
            "encryption_at_host_enabled": false,
            "eviction_policy": "",
            "extensions_time_budget": "PT1H30M",
            "id": "/subscriptions/1503bdfb-94fc-49de-a99f-49f1708e4f42/resourceGroups/TerraformResourceGroup/providers/Microsoft.Compute/virtualMachines/freedom-linux-machine",
            "identity": [
              {
                "identity_ids": null,
                "principal_id": "41559c2a-3a95-41aa-be43-83f006f5a1b5",
                "tenant_id": "e3172b86-5de0-4416-820c-72f6c548ef20",
                "type": "SystemAssigned"
              }
            ],
            "license_type": "",
            "location": "westus2",
            "max_bid_price": -1,
            "name": "freedom-linux-machine",
            "network_interface_ids": [
              "/subscriptions/1503bdfb-94fc-49de-a99f-49f1708e4f42/resourceGroups/TerraformResourceGroup/providers/Microsoft.Network/networkInterfaces/interface_freedom"
            ],
            "os_disk": [
              {
                "caching": "ReadWrite",
                "diff_disk_settings": [],
                "disk_encryption_set_id": "",
                "disk_size_gb": 30,
                "name": "freedom-linux-machine_disk1_e9253ac2fadb4ee4a8a95c241125a4cc",
                "storage_account_type": "Standard_LRS",
                "write_accelerator_enabled": false
              }
            ],
            "patch_mode": "ImageDefault",
            "plan": [],
            "platform_fault_domain": -1,
            "priority": "Regular",
            "private_ip_address": "10.0.2.4",
            "private_ip_addresses": [
              "10.0.2.4"
            ],
            "provision_vm_agent": true,
            "proximity_placement_group_id": "",
            "public_ip_address": "52.183.84.214",
            "public_ip_addresses": [
              "52.183.84.214"
            ],
            "resource_group_name": "TerraformResourceGroup",
            "secret": [],
            "secure_boot_enabled": false,
            "size": "Standard_B1s",
            "source_image_id": "",
            "source_image_reference": [
              {
                "offer": "UbuntuServer",
                "publisher": "Canonical",
                "sku": "18.04-LTS",
                "version": "latest"
              }
            ],
            "tags": null,
            "timeouts": null,
            "user_data": "",
            "virtual_machine_id": "8a4ad9df-c97c-4648-bbf4-3b49cdd13c75",
            "virtual_machine_scale_set_id": "",
            "vtpm_enabled": false,
            "zone": ""
          },
          "sensitive_attributes": [],
          "private": "eyJlMmJmYjczMC1lY2FhLTExZTYtOGY4OC0zNDM2M2JjN2M0YzAiOnsiY3JlYXRlIjoyNzAwMDAwMDAwMDAwLCJkZWxldGUiOjI3MDAwMDAwMDAwMDAsInJlYWQiOjMwMDAwMDAwMDAwMCwidXBkYXRlIjoyNzAwMDAwMDAwMDAwfX0=",
          "dependencies": [
            "azurerm_network_interface.interface_freedom",
            "azurerm_public_ip.public_ip",
            "azurerm_resource_group.rg_1",
            "azurerm_subnet._10-0-2",
            "azurerm_virtual_network._10"
          ]
        }
      ]
    },
    {
      "mode": "managed",
      "type": "azurerm_network_interface",
      "name": "interface_freedom",
      "provider": "provider[\"registry.terraform.io/hashicorp/azurerm\"]",
      "instances": [
        {
          "schema_version": 0,
          "attributes": {
            "applied_dns_servers": [],
            "dns_servers": [],
            "enable_accelerated_networking": false,
            "enable_ip_forwarding": false,
            "id": "/subscriptions/1503bdfb-94fc-49de-a99f-49f1708e4f42/resourceGroups/TerraformResourceGroup/providers/Microsoft.Network/networkInterfaces/interface_freedom",
            "internal_dns_name_label": "",
            "internal_domain_name_suffix": "nebsyrejz2punfp2hedolsuxtb.xx.internal.cloudapp.net",
            "ip_configuration": [
              {
                "gateway_load_balancer_frontend_ip_configuration_id": "",
                "name": "internal",
                "primary": true,
                "private_ip_address": "10.0.2.4",
                "private_ip_address_allocation": "Dynamic",
                "private_ip_address_version": "IPv4",
                "public_ip_address_id": "/subscriptions/1503bdfb-94fc-49de-a99f-49f1708e4f42/resourceGroups/TerraformResourceGroup/providers/Microsoft.Network/publicIPAddresses/vm_public_ip",
                "subnet_id": "/subscriptions/1503bdfb-94fc-49de-a99f-49f1708e4f42/resourceGroups/TerraformResourceGroup/providers/Microsoft.Network/virtualNetworks/virtual_network_10/subnets/subnet_10_0_2"
              }
            ],
            "location": "westus2",
            "mac_address": "",
            "name": "interface_freedom",
            "private_ip_address": "10.0.2.4",
            "private_ip_addresses": [
              "10.0.2.4"
            ],
            "resource_group_name": "TerraformResourceGroup",
            "tags": null,
            "timeouts": null,
            "virtual_machine_id": ""
          },
          "sensitive_attributes": [],
          "private": "eyJlMmJmYjczMC1lY2FhLTExZTYtOGY4OC0zNDM2M2JjN2M0YzAiOnsiY3JlYXRlIjoxODAwMDAwMDAwMDAwLCJkZWxldGUiOjE4MDAwMDAwMDAwMDAsInJlYWQiOjMwMDAwMDAwMDAwMCwidXBkYXRlIjoxODAwMDAwMDAwMDAwfX0=",
          "dependencies": [
            "azurerm_public_ip.public_ip",
            "azurerm_resource_group.rg_1",
            "azurerm_subnet._10-0-2",
            "azurerm_virtual_network._10"
          ]
        }
      ]
    },
    {
      "mode": "managed",
      "type": "azurerm_network_interface_security_group_association",
      "name": "association",
      "provider": "provider[\"registry.terraform.io/hashicorp/azurerm\"]",
      "instances": [
        {
          "schema_version": 0,
          "attributes": {
            "id": "/subscriptions/1503bdfb-94fc-49de-a99f-49f1708e4f42/resourceGroups/TerraformResourceGroup/providers/Microsoft.Network/networkInterfaces/interface_freedom|/subscriptions/1503bdfb-94fc-49de-a99f-49f1708e4f42/resourceGroups/TerraformResourceGroup/providers/Microsoft.Network/networkSecurityGroups/freedom_nsg",
            "network_interface_id": "/subscriptions/1503bdfb-94fc-49de-a99f-49f1708e4f42/resourceGroups/TerraformResourceGroup/providers/Microsoft.Network/networkInterfaces/interface_freedom",
            "network_security_group_id": "/subscriptions/1503bdfb-94fc-49de-a99f-49f1708e4f42/resourceGroups/TerraformResourceGroup/providers/Microsoft.Network/networkSecurityGroups/freedom_nsg",
            "timeouts": null
          },
          "sensitive_attributes": [],
          "private": "eyJlMmJmYjczMC1lY2FhLTExZTYtOGY4OC0zNDM2M2JjN2M0YzAiOnsiY3JlYXRlIjoxODAwMDAwMDAwMDAwLCJkZWxldGUiOjE4MDAwMDAwMDAwMDAsInJlYWQiOjMwMDAwMDAwMDAwMCwidXBkYXRlIjoxODAwMDAwMDAwMDAwfX0=",
          "dependencies": [
            "azurerm_network_interface.interface_freedom",
            "azurerm_network_security_group.freedom_nsg",
            "azurerm_public_ip.public_ip",
            "azurerm_resource_group.rg_1",
            "azurerm_subnet._10-0-2",
            "azurerm_virtual_network._10"
          ]
        }
      ]
    },
    {
      "mode": "managed",
      "type": "azurerm_network_security_group",
      "name": "freedom_nsg",
      "provider": "provider[\"registry.terraform.io/hashicorp/azurerm\"]",
      "instances": [
        {
          "schema_version": 0,
          "attributes": {
            "id": "/subscriptions/1503bdfb-94fc-49de-a99f-49f1708e4f42/resourceGroups/TerraformResourceGroup/providers/Microsoft.Network/networkSecurityGroups/freedom_nsg",
            "location": "westus2",
            "name": "freedom_nsg",
            "resource_group_name": "TerraformResourceGroup",
            "security_rule": [
              {
                "access": "Allow",
                "description": "",
                "destination_address_prefix": "*",
                "destination_address_prefixes": [],
                "destination_application_security_group_ids": [],
                "destination_port_range": "*",
                "destination_port_ranges": [],
                "direction": "Inbound",
                "name": "freedom_allow_all",
                "priority": 100,
                "protocol": "*",
                "source_address_prefix": "*",
                "source_address_prefixes": [],
                "source_application_security_group_ids": [],
                "source_port_range": "*",
                "source_port_ranges": []
              }
            ],
            "tags": null,
            "timeouts": null
          },
          "sensitive_attributes": [],
          "private": "eyJlMmJmYjczMC1lY2FhLTExZTYtOGY4OC0zNDM2M2JjN2M0YzAiOnsiY3JlYXRlIjoxODAwMDAwMDAwMDAwLCJkZWxldGUiOjE4MDAwMDAwMDAwMDAsInJlYWQiOjMwMDAwMDAwMDAwMCwidXBkYXRlIjoxODAwMDAwMDAwMDAwfX0=",
          "dependencies": [
            "azurerm_resource_group.rg_1"
          ]
        }
      ]
    },
    {
      "mode": "managed",
      "type": "azurerm_public_ip",
      "name": "public_ip",
      "provider": "provider[\"registry.terraform.io/hashicorp/azurerm\"]",
      "instances": [
        {
          "schema_version": 0,
          "attributes": {
            "allocation_method": "Dynamic",
            "availability_zone": "No-Zone",
            "domain_name_label": null,
            "fqdn": null,
            "id": "/subscriptions/1503bdfb-94fc-49de-a99f-49f1708e4f42/resourceGroups/TerraformResourceGroup/providers/Microsoft.Network/publicIPAddresses/vm_public_ip",
            "idle_timeout_in_minutes": 4,
            "ip_address": "",
            "ip_tags": null,
            "ip_version": "IPv4",
            "location": "westus2",
            "name": "vm_public_ip",
            "public_ip_prefix_id": null,
            "resource_group_name": "TerraformResourceGroup",
            "reverse_fqdn": null,
            "sku": "Basic",
            "sku_tier": "Regional",
            "tags": null,
            "timeouts": null,
            "zones": []
          },
          "sensitive_attributes": [],
          "private": "eyJlMmJmYjczMC1lY2FhLTExZTYtOGY4OC0zNDM2M2JjN2M0YzAiOnsiY3JlYXRlIjoxODAwMDAwMDAwMDAwLCJkZWxldGUiOjE4MDAwMDAwMDAwMDAsInJlYWQiOjMwMDAwMDAwMDAwMCwidXBkYXRlIjoxODAwMDAwMDAwMDAwfX0=",
          "dependencies": [
            "azurerm_resource_group.rg_1"
          ]
        }
      ]
    },
    {
      "mode": "managed",
      "type": "azurerm_resource_group",
      "name": "rg_1",
      "provider": "provider[\"registry.terraform.io/hashicorp/azurerm\"]",
      "instances": [
        {
          "schema_version": 0,
          "attributes": {
            "id": "/subscriptions/1503bdfb-94fc-49de-a99f-49f1708e4f42/resourceGroups/TerraformResourceGroup",
            "location": "westus2",
            "name": "TerraformResourceGroup",
            "tags": {
              "environment": "Terraform Cloud Insights Infra"
            },
            "timeouts": null
          },
          "sensitive_attributes": [],
          "private": "eyJlMmJmYjczMC1lY2FhLTExZTYtOGY4OC0zNDM2M2JjN2M0YzAiOnsiY3JlYXRlIjo1NDAwMDAwMDAwMDAwLCJkZWxldGUiOjU0MDAwMDAwMDAwMDAsInJlYWQiOjMwMDAwMDAwMDAwMCwidXBkYXRlIjo1NDAwMDAwMDAwMDAwfX0="
        }
      ]
    },
    {
      "mode": "managed",
      "type": "azurerm_storage_account",
      "name": "freedom_storage_acct",
      "provider": "provider[\"registry.terraform.io/hashicorp/azurerm\"]",
      "instances": [
        {
          "schema_version": 2,
          "attributes": {
            "access_tier": "Hot",
            "account_kind": "StorageV2",
            "account_replication_type": "LRS",
            "account_tier": "Standard",
            "allow_blob_public_access": true,
            "azure_files_authentication": [],
            "blob_properties": [
              {
                "change_feed_enabled": false,
                "container_delete_retention_policy": [],
                "cors_rule": [],
                "default_service_version": "",
                "delete_retention_policy": [],
                "last_access_time_enabled": false,
                "versioning_enabled": false
              }
            ],
            "custom_domain": [],
            "enable_https_traffic_only": true,
            "id": "/subscriptions/1503bdfb-94fc-49de-a99f-49f1708e4f42/resourceGroups/TerraformResourceGroup/providers/Microsoft.Storage/storageAccounts/freedomstorageinsights",
            "identity": [],
            "infrastructure_encryption_enabled": false,
            "is_hns_enabled": false,
            "large_file_share_enabled": null,
            "location": "westus2",
            "min_tls_version": "TLS1_0",
            "name": "freedomstorageinsights",
            "network_rules": [
              {
                "bypass": [
                  "AzureServices"
                ],
                "default_action": "Allow",
                "ip_rules": [],
                "private_link_access": [],
                "virtual_network_subnet_ids": []
              }
            ],
            "nfsv3_enabled": false,
            "primary_access_key": "QEJd8pCSdswFpIyf/UQkdyhsGJezFAmWDknESJ4/baRw81yVFtO+9Qg3/N0/Yyfx30hPutH4ctsPSBPiqnv3QA==",
            "primary_blob_connection_string": "DefaultEndpointsProtocol=https;BlobEndpoint=https://freedomstorageinsights.blob.core.windows.net/;AccountName=freedomstorageinsights;AccountKey=QEJd8pCSdswFpIyf/UQkdyhsGJezFAmWDknESJ4/baRw81yVFtO+9Qg3/N0/Yyfx30hPutH4ctsPSBPiqnv3QA==",
            "primary_blob_endpoint": "https://freedomstorageinsights.blob.core.windows.net/",
            "primary_blob_host": "freedomstorageinsights.blob.core.windows.net",
            "primary_connection_string": "DefaultEndpointsProtocol=https;AccountName=freedomstorageinsights;AccountKey=QEJd8pCSdswFpIyf/UQkdyhsGJezFAmWDknESJ4/baRw81yVFtO+9Qg3/N0/Yyfx30hPutH4ctsPSBPiqnv3QA==;EndpointSuffix=core.windows.net",
            "primary_dfs_endpoint": "https://freedomstorageinsights.dfs.core.windows.net/",
            "primary_dfs_host": "freedomstorageinsights.dfs.core.windows.net",
            "primary_file_endpoint": "https://freedomstorageinsights.file.core.windows.net/",
            "primary_file_host": "freedomstorageinsights.file.core.windows.net",
            "primary_location": "westus2",
            "primary_queue_endpoint": "https://freedomstorageinsights.queue.core.windows.net/",
            "primary_queue_host": "freedomstorageinsights.queue.core.windows.net",
            "primary_table_endpoint": "https://freedomstorageinsights.table.core.windows.net/",
            "primary_table_host": "freedomstorageinsights.table.core.windows.net",
            "primary_web_endpoint": "https://freedomstorageinsights.z5.web.core.windows.net/",
            "primary_web_host": "freedomstorageinsights.z5.web.core.windows.net",
            "queue_encryption_key_type": "Service",
            "queue_properties": [
              {
                "cors_rule": [],
                "hour_metrics": [
                  {
                    "enabled": true,
                    "include_apis": true,
                    "retention_policy_days": 7,
                    "version": "1.0"
                  }
                ],
                "logging": [
                  {
                    "delete": false,
                    "read": false,
                    "retention_policy_days": 0,
                    "version": "1.0",
                    "write": false
                  }
                ],
                "minute_metrics": [
                  {
                    "enabled": false,
                    "include_apis": false,
                    "retention_policy_days": 0,
                    "version": "1.0"
                  }
                ]
              }
            ],
            "resource_group_name": "TerraformResourceGroup",
            "routing": [],
            "secondary_access_key": "KKlpbnWwQyE5n56fa8NFlT5ZRqo4AwGVixFcDA+bwxXPJNKbZ46liEv3Hc+aoN9TJdyGPhwCE6+FkNXxJsF+Ug==",
            "secondary_blob_connection_string": "",
            "secondary_blob_endpoint": null,
            "secondary_blob_host": null,
            "secondary_connection_string": "DefaultEndpointsProtocol=https;AccountName=freedomstorageinsights;AccountKey=KKlpbnWwQyE5n56fa8NFlT5ZRqo4AwGVixFcDA+bwxXPJNKbZ46liEv3Hc+aoN9TJdyGPhwCE6+FkNXxJsF+Ug==;EndpointSuffix=core.windows.net",
            "secondary_dfs_endpoint": null,
            "secondary_dfs_host": null,
            "secondary_file_endpoint": null,
            "secondary_file_host": null,
            "secondary_location": "",
            "secondary_queue_endpoint": null,
            "secondary_queue_host": null,
            "secondary_table_endpoint": null,
            "secondary_table_host": null,
            "secondary_web_endpoint": null,
            "secondary_web_host": null,
            "share_properties": [
              {
                "cors_rule": [],
                "retention_policy": [
                  {
                    "days": 7
                  }
                ],
                "smb": []
              }
            ],
            "shared_access_key_enabled": true,
            "static_website": [],
            "table_encryption_key_type": "Service",
            "tags": null,
            "timeouts": null
          },
          "sensitive_attributes": [],
          "private": "eyJlMmJmYjczMC1lY2FhLTExZTYtOGY4OC0zNDM2M2JjN2M0YzAiOnsiY3JlYXRlIjozNjAwMDAwMDAwMDAwLCJkZWxldGUiOjM2MDAwMDAwMDAwMDAsInJlYWQiOjMwMDAwMDAwMDAwMCwidXBkYXRlIjozNjAwMDAwMDAwMDAwfSwic2NoZW1hX3ZlcnNpb24iOiIyIn0=",
          "dependencies": [
            "azurerm_resource_group.rg_1"
          ]
        }
      ]
    },
    {
      "mode": "managed",
      "type": "azurerm_storage_container",
      "name": "freedom_blob",
      "provider": "provider[\"registry.terraform.io/hashicorp/azurerm\"]",
      "instances": [
        {
          "schema_version": 1,
          "attributes": {
            "container_access_type": "container",
            "has_immutability_policy": false,
            "has_legal_hold": false,
            "id": "https://freedomstorageinsights.blob.core.windows.net/freedomblob",
            "metadata": {},
            "name": "freedomblob",
            "resource_manager_id": "/subscriptions/1503bdfb-94fc-49de-a99f-49f1708e4f42/resourceGroups/TerraformResourceGroup/providers/Microsoft.Storage/storageAccounts/freedomstorageinsights/blobServices/default/containers/freedomblob",
            "storage_account_name": "freedomstorageinsights",
            "timeouts": null
          },
          "sensitive_attributes": [],
          "private": "eyJlMmJmYjczMC1lY2FhLTExZTYtOGY4OC0zNDM2M2JjN2M0YzAiOnsiY3JlYXRlIjoxODAwMDAwMDAwMDAwLCJkZWxldGUiOjE4MDAwMDAwMDAwMDAsInJlYWQiOjMwMDAwMDAwMDAwMCwidXBkYXRlIjoxODAwMDAwMDAwMDAwfSwic2NoZW1hX3ZlcnNpb24iOiIxIn0=",
          "dependencies": [
            "azurerm_resource_group.rg_1",
            "azurerm_storage_account.freedom_storage_acct"
          ]
        }
      ]
    },
    {
      "mode": "managed",
      "type": "azurerm_subnet",
      "name": "_10-0-2",
      "provider": "provider[\"registry.terraform.io/hashicorp/azurerm\"]",
      "instances": [
        {
          "schema_version": 0,
          "attributes": {
            "address_prefix": "10.0.2.0/24",
            "address_prefixes": [
              "10.0.2.0/24"
            ],
            "delegation": [],
            "enforce_private_link_endpoint_network_policies": false,
            "enforce_private_link_service_network_policies": false,
            "id": "/subscriptions/1503bdfb-94fc-49de-a99f-49f1708e4f42/resourceGroups/TerraformResourceGroup/providers/Microsoft.Network/virtualNetworks/virtual_network_10/subnets/subnet_10_0_2",
            "name": "subnet_10_0_2",
            "resource_group_name": "TerraformResourceGroup",
            "service_endpoint_policy_ids": null,
            "service_endpoints": null,
            "timeouts": null,
            "virtual_network_name": "virtual_network_10"
          },
          "sensitive_attributes": [],
          "private": "eyJlMmJmYjczMC1lY2FhLTExZTYtOGY4OC0zNDM2M2JjN2M0YzAiOnsiY3JlYXRlIjoxODAwMDAwMDAwMDAwLCJkZWxldGUiOjE4MDAwMDAwMDAwMDAsInJlYWQiOjMwMDAwMDAwMDAwMCwidXBkYXRlIjoxODAwMDAwMDAwMDAwfX0=",
          "dependencies": [
            "azurerm_resource_group.rg_1",
            "azurerm_virtual_network._10"
          ]
        }
      ]
    },
    {
      "mode": "managed",
      "type": "azurerm_virtual_network",
      "name": "_10",
      "provider": "provider[\"registry.terraform.io/hashicorp/azurerm\"]",
      "instances": [
        {
          "schema_version": 0,
          "attributes": {
            "address_space": [
              "10.0.0.0/16"
            ],
            "bgp_community": "",
            "ddos_protection_plan": [],
            "dns_servers": [],
            "flow_timeout_in_minutes": 0,
            "guid": "442c0369-cf89-461f-95fc-3906e5ca9799",
            "id": "/subscriptions/1503bdfb-94fc-49de-a99f-49f1708e4f42/resourceGroups/TerraformResourceGroup/providers/Microsoft.Network/virtualNetworks/virtual_network_10",
            "location": "westus2",
            "name": "virtual_network_10",
            "resource_group_name": "TerraformResourceGroup",
            "subnet": [],
            "tags": null,
            "timeouts": null,
            "vm_protection_enabled": false
          },
          "sensitive_attributes": [],
          "private": "eyJlMmJmYjczMC1lY2FhLTExZTYtOGY4OC0zNDM2M2JjN2M0YzAiOnsiY3JlYXRlIjoxODAwMDAwMDAwMDAwLCJkZWxldGUiOjE4MDAwMDAwMDAwMDAsInJlYWQiOjMwMDAwMDAwMDAwMCwidXBkYXRlIjoxODAwMDAwMDAwMDAwfX0=",
          "dependencies": [
            "azurerm_resource_group.rg_1"
          ]
        }
      ]
    }
  ]
}
