{
  "version": 4,
  "terraform_version": "1.1.5",
  "serial": 22,
  "lineage": "0a2304bd-f101-17ee-972f-871c97739b5c",
  "outputs": {
    "public_ip": {
      "value": "20.114.58.148",
      "type": "string"
    }
  },
  "resources": [
    {
      "mode": "managed",
      "type": "azurerm_linux_virtual_machine",
      "name": "freedom_linux_machine",
      "provider": "provider[\"registry.terraform.io/hashicorp/azurerm\"]",
      "instances": [
        {
          "schema_version": 0,
          "attributes": {
            "additional_capabilities": [],
            "admin_password": null,
            "admin_ssh_key": [
              {
                "public_key": "ssh-rsa AAAAB3NzaC1yc2EAAAADAQABAAABgQCe1QRcDVXwGpznOKwUOlVcMjeAK8fI8wsTTeKZNKmAjsPD2ZCvEKOEsuk1xLtqMi1raIRF5U8KHclZV68vo51uOu42wGTtWUuk5mbbKy+LDOXJ/L/K/7gEY0VedjV8jQVa031dwUC2LyicfENdRvl71SsL3/UqNgWdN+hRssgHJTSW1d1dVT8yDAj6B28dYY31Wzv/2WrgXdVBE0w16h8CQiCiTt9d/o/n5K2JvoHsY2xeSG9AszTprl/1nyL2i2EknnDQuEWXYBui07J2XHb+CYjfiR27BCzrvjMka4f1OLmCS6FlhqlTBnQkQm348Qvkm/9Hj9JxUE07VtxZj7mD4qnSPR2MErcrsozXBH/XURsbo3LyKE4bQ5n5ZrOFwkjmeEqCu4qfQWmQBIGS5z/zgXbS/a6dxjjtcToNs8kmJmBRimTGVvu/oWsIlscACeskNiw+XtZu/9se6GFfxhLSELluITljio28eFFa40VZwZ5zHItkxvqLchYeQZttV/0= generated-by-azure",
                "username": "adminuser"
              }
            ],
            "admin_username": "adminuser",
            "allow_extension_operations": true,
            "availability_set_id": "",
            "boot_diagnostics": [],
            "computer_name": "freedom-linux-machine",
            "custom_data": null,
            "dedicated_host_group_id": "",
            "dedicated_host_id": "",
            "disable_password_authentication": true,
            "encryption_at_host_enabled": false,
            "eviction_policy": "",
            "extensions_time_budget": "PT1H30M",
            "id": "/subscriptions/1503bdfb-94fc-49de-a99f-49f1708e4f42/resourceGroups/TerraformResourceGroup/providers/Microsoft.Compute/virtualMachines/freedom-linux-machine",
            "identity": [],
            "license_type": "",
            "location": "westus2",
            "max_bid_price": -1,
            "name": "freedom-linux-machine",
            "network_interface_ids": [
              "/subscriptions/1503bdfb-94fc-49de-a99f-49f1708e4f42/resourceGroups/TerraformResourceGroup/providers/Microsoft.Network/networkInterfaces/interface_freedom"
            ],
            "os_disk": [
              {
                "caching": "ReadWrite",
                "diff_disk_settings": [],
                "disk_encryption_set_id": "",
                "disk_size_gb": 30,
                "name": "freedom-linux-machine_OsDisk_1_ca37f6f7881940fcac909399bf2137cf",
                "storage_account_type": "Standard_LRS",
                "write_accelerator_enabled": false
              }
            ],
            "patch_mode": "ImageDefault",
            "plan": [],
            "platform_fault_domain": -1,
            "priority": "Regular",
            "private_ip_address": "10.0.2.4",
            "private_ip_addresses": [
              "10.0.2.4"
            ],
            "provision_vm_agent": true,
            "proximity_placement_group_id": "",
            "public_ip_address": "20.114.58.148",
            "public_ip_addresses": [
              "20.114.58.148"
            ],
            "resource_group_name": "TerraformResourceGroup",
            "secret": [],
            "secure_boot_enabled": false,
            "size": "Standard_B1s",
            "source_image_id": "",
            "source_image_reference": [
              {
                "offer": "UbuntuServer",
                "publisher": "Canonical",
                "sku": "18.04-LTS",
                "version": "latest"
              }
            ],
            "tags": {},
            "timeouts": null,
            "user_data": "",
            "virtual_machine_id": "55639a3a-3198-46f7-87a3-aed016a0037c",
            "virtual_machine_scale_set_id": "",
            "vtpm_enabled": false,
            "zone": ""
          },
          "sensitive_attributes": [],
          "private": "eyJlMmJmYjczMC1lY2FhLTExZTYtOGY4OC0zNDM2M2JjN2M0YzAiOnsiY3JlYXRlIjoyNzAwMDAwMDAwMDAwLCJkZWxldGUiOjI3MDAwMDAwMDAwMDAsInJlYWQiOjMwMDAwMDAwMDAwMCwidXBkYXRlIjoyNzAwMDAwMDAwMDAwfX0=",
          "dependencies": [
            "azurerm_network_interface.interface_freedom",
            "azurerm_public_ip.public_ip",
            "azurerm_resource_group.rg_1",
            "azurerm_subnet._10-0-2",
            "azurerm_virtual_network._10"
          ]
        }
      ]
    },
    {
      "mode": "managed",
      "type": "azurerm_network_interface",
      "name": "interface_freedom",
      "provider": "provider[\"registry.terraform.io/hashicorp/azurerm\"]",
      "instances": [
        {
          "schema_version": 0,
          "attributes": {
            "applied_dns_servers": [],
            "dns_servers": [],
            "enable_accelerated_networking": false,
            "enable_ip_forwarding": false,
            "id": "/subscriptions/1503bdfb-94fc-49de-a99f-49f1708e4f42/resourceGroups/TerraformResourceGroup/providers/Microsoft.Network/networkInterfaces/interface_freedom",
            "internal_dns_name_label": "",
            "internal_domain_name_suffix": "rk0ibbni4hbuhe0k1goeqqyzwb.xx.internal.cloudapp.net",
            "ip_configuration": [
              {
                "gateway_load_balancer_frontend_ip_configuration_id": "",
                "name": "internal",
                "primary": true,
                "private_ip_address": "10.0.2.4",
                "private_ip_address_allocation": "Dynamic",
                "private_ip_address_version": "IPv4",
                "public_ip_address_id": "/subscriptions/1503bdfb-94fc-49de-a99f-49f1708e4f42/resourceGroups/TerraformResourceGroup/providers/Microsoft.Network/publicIPAddresses/vm_public_ip",
                "subnet_id": "/subscriptions/1503bdfb-94fc-49de-a99f-49f1708e4f42/resourceGroups/TerraformResourceGroup/providers/Microsoft.Network/virtualNetworks/virtual_network_10/subnets/subnet_10_0_2"
              }
            ],
            "location": "westus2",
            "mac_address": "00-0D-3A-C3-EB-FE",
            "name": "interface_freedom",
            "private_ip_address": "10.0.2.4",
            "private_ip_addresses": [
              "10.0.2.4"
            ],
            "resource_group_name": "TerraformResourceGroup",
            "tags": {},
            "timeouts": null,
            "virtual_machine_id": "/subscriptions/1503bdfb-94fc-49de-a99f-49f1708e4f42/resourceGroups/TerraformResourceGroup/providers/Microsoft.Compute/virtualMachines/freedom-linux-machine"
          },
          "sensitive_attributes": [],
          "private": "eyJlMmJmYjczMC1lY2FhLTExZTYtOGY4OC0zNDM2M2JjN2M0YzAiOnsiY3JlYXRlIjoxODAwMDAwMDAwMDAwLCJkZWxldGUiOjE4MDAwMDAwMDAwMDAsInJlYWQiOjMwMDAwMDAwMDAwMCwidXBkYXRlIjoxODAwMDAwMDAwMDAwfX0=",
          "dependencies": [
            "azurerm_public_ip.public_ip",
            "azurerm_resource_group.rg_1",
            "azurerm_subnet._10-0-2",
            "azurerm_virtual_network._10"
          ]
        }
      ]
    },
    {
      "mode": "managed",
      "type": "azurerm_network_interface_security_group_association",
      "name": "association",
      "provider": "provider[\"registry.terraform.io/hashicorp/azurerm\"]",
      "instances": [
        {
          "schema_version": 0,
          "attributes": {
            "id": "/subscriptions/1503bdfb-94fc-49de-a99f-49f1708e4f42/resourceGroups/TerraformResourceGroup/providers/Microsoft.Network/networkInterfaces/interface_freedom|/subscriptions/1503bdfb-94fc-49de-a99f-49f1708e4f42/resourceGroups/TerraformResourceGroup/providers/Microsoft.Network/networkSecurityGroups/freedom_nsg",
            "network_interface_id": "/subscriptions/1503bdfb-94fc-49de-a99f-49f1708e4f42/resourceGroups/TerraformResourceGroup/providers/Microsoft.Network/networkInterfaces/interface_freedom",
            "network_security_group_id": "/subscriptions/1503bdfb-94fc-49de-a99f-49f1708e4f42/resourceGroups/TerraformResourceGroup/providers/Microsoft.Network/networkSecurityGroups/freedom_nsg",
            "timeouts": null
          },
          "sensitive_attributes": [],
          "private": "eyJlMmJmYjczMC1lY2FhLTExZTYtOGY4OC0zNDM2M2JjN2M0YzAiOnsiY3JlYXRlIjoxODAwMDAwMDAwMDAwLCJkZWxldGUiOjE4MDAwMDAwMDAwMDAsInJlYWQiOjMwMDAwMDAwMDAwMCwidXBkYXRlIjoxODAwMDAwMDAwMDAwfX0=",
          "dependencies": [
            "azurerm_network_interface.interface_freedom",
            "azurerm_network_security_group.freedom_nsg",
            "azurerm_public_ip.public_ip",
            "azurerm_resource_group.rg_1",
            "azurerm_subnet._10-0-2",
            "azurerm_virtual_network._10"
          ]
        }
      ]
    },
    {
      "mode": "managed",
      "type": "azurerm_network_security_group",
      "name": "freedom_nsg",
      "provider": "provider[\"registry.terraform.io/hashicorp/azurerm\"]",
      "instances": [
        {
          "schema_version": 0,
          "attributes": {
            "id": "/subscriptions/1503bdfb-94fc-49de-a99f-49f1708e4f42/resourceGroups/TerraformResourceGroup/providers/Microsoft.Network/networkSecurityGroups/freedom_nsg",
            "location": "westus2",
            "name": "freedom_nsg",
            "resource_group_name": "TerraformResourceGroup",
            "security_rule": [
              {
                "access": "Allow",
                "description": "",
                "destination_address_prefix": "*",
                "destination_address_prefixes": [],
                "destination_application_security_group_ids": [],
                "destination_port_range": "*",
                "destination_port_ranges": [],
                "direction": "Inbound",
                "name": "freedom_allow_all",
                "priority": 100,
                "protocol": "*",
                "source_address_prefix": "*",
                "source_address_prefixes": [],
                "source_application_security_group_ids": [],
                "source_port_range": "*",
                "source_port_ranges": []
              }
            ],
            "tags": {},
            "timeouts": null
          },
          "sensitive_attributes": [],
          "private": "eyJlMmJmYjczMC1lY2FhLTExZTYtOGY4OC0zNDM2M2JjN2M0YzAiOnsiY3JlYXRlIjoxODAwMDAwMDAwMDAwLCJkZWxldGUiOjE4MDAwMDAwMDAwMDAsInJlYWQiOjMwMDAwMDAwMDAwMCwidXBkYXRlIjoxODAwMDAwMDAwMDAwfX0=",
          "dependencies": [
            "azurerm_resource_group.rg_1"
          ]
        }
      ]
    },
    {
      "mode": "managed",
      "type": "azurerm_public_ip",
      "name": "public_ip",
      "provider": "provider[\"registry.terraform.io/hashicorp/azurerm\"]",
      "instances": [
        {
          "schema_version": 0,
          "attributes": {
            "allocation_method": "Dynamic",
            "availability_zone": "No-Zone",
            "domain_name_label": null,
            "fqdn": null,
            "id": "/subscriptions/1503bdfb-94fc-49de-a99f-49f1708e4f42/resourceGroups/TerraformResourceGroup/providers/Microsoft.Network/publicIPAddresses/vm_public_ip",
            "idle_timeout_in_minutes": 4,
            "ip_address": "20.114.58.148",
            "ip_tags": {},
            "ip_version": "IPv4",
            "location": "westus2",
            "name": "vm_public_ip",
            "public_ip_prefix_id": null,
            "resource_group_name": "TerraformResourceGroup",
            "reverse_fqdn": null,
            "sku": "Basic",
            "sku_tier": "Regional",
            "tags": {},
            "timeouts": null,
            "zones": []
          },
          "sensitive_attributes": [],
          "private": "eyJlMmJmYjczMC1lY2FhLTExZTYtOGY4OC0zNDM2M2JjN2M0YzAiOnsiY3JlYXRlIjoxODAwMDAwMDAwMDAwLCJkZWxldGUiOjE4MDAwMDAwMDAwMDAsInJlYWQiOjMwMDAwMDAwMDAwMCwidXBkYXRlIjoxODAwMDAwMDAwMDAwfX0=",
          "dependencies": [
            "azurerm_resource_group.rg_1"
          ]
        }
      ]
    },
    {
      "mode": "managed",
      "type": "azurerm_resource_group",
      "name": "rg_1",
      "provider": "provider[\"registry.terraform.io/hashicorp/azurerm\"]",
      "instances": [
        {
          "schema_version": 0,
          "attributes": {
            "id": "/subscriptions/1503bdfb-94fc-49de-a99f-49f1708e4f42/resourceGroups/TerraformResourceGroup",
            "location": "westus2",
            "name": "TerraformResourceGroup",
            "tags": {
              "environment": "Terraform Cloud Insights Infra"
            },
            "timeouts": null
          },
          "sensitive_attributes": [],
          "private": "eyJlMmJmYjczMC1lY2FhLTExZTYtOGY4OC0zNDM2M2JjN2M0YzAiOnsiY3JlYXRlIjo1NDAwMDAwMDAwMDAwLCJkZWxldGUiOjU0MDAwMDAwMDAwMDAsInJlYWQiOjMwMDAwMDAwMDAwMCwidXBkYXRlIjo1NDAwMDAwMDAwMDAwfX0="
        }
      ]
    },
    {
      "mode": "managed",
      "type": "azurerm_subnet",
      "name": "_10-0-2",
      "provider": "provider[\"registry.terraform.io/hashicorp/azurerm\"]",
      "instances": [
        {
          "schema_version": 0,
          "attributes": {
            "address_prefix": "10.0.2.0/24",
            "address_prefixes": [
              "10.0.2.0/24"
            ],
            "delegation": [],
            "enforce_private_link_endpoint_network_policies": false,
            "enforce_private_link_service_network_policies": false,
            "id": "/subscriptions/1503bdfb-94fc-49de-a99f-49f1708e4f42/resourceGroups/TerraformResourceGroup/providers/Microsoft.Network/virtualNetworks/virtual_network_10/subnets/subnet_10_0_2",
            "name": "subnet_10_0_2",
            "resource_group_name": "TerraformResourceGroup",
            "service_endpoint_policy_ids": [],
            "service_endpoints": [],
            "timeouts": null,
            "virtual_network_name": "virtual_network_10"
          },
          "sensitive_attributes": [],
          "private": "eyJlMmJmYjczMC1lY2FhLTExZTYtOGY4OC0zNDM2M2JjN2M0YzAiOnsiY3JlYXRlIjoxODAwMDAwMDAwMDAwLCJkZWxldGUiOjE4MDAwMDAwMDAwMDAsInJlYWQiOjMwMDAwMDAwMDAwMCwidXBkYXRlIjoxODAwMDAwMDAwMDAwfX0=",
          "dependencies": [
            "azurerm_resource_group.rg_1",
            "azurerm_virtual_network._10"
          ]
        }
      ]
    },
    {
      "mode": "managed",
      "type": "azurerm_virtual_network",
      "name": "_10",
      "provider": "provider[\"registry.terraform.io/hashicorp/azurerm\"]",
      "instances": [
        {
          "schema_version": 0,
          "attributes": {
            "address_space": [
              "10.0.0.0/16"
            ],
            "bgp_community": "",
            "ddos_protection_plan": [],
            "dns_servers": [],
            "flow_timeout_in_minutes": 0,
            "guid": "8580b48a-f1a8-43c3-934a-d99c484319b1",
            "id": "/subscriptions/1503bdfb-94fc-49de-a99f-49f1708e4f42/resourceGroups/TerraformResourceGroup/providers/Microsoft.Network/virtualNetworks/virtual_network_10",
            "location": "westus2",
            "name": "virtual_network_10",
            "resource_group_name": "TerraformResourceGroup",
            "subnet": [
              {
                "address_prefix": "10.0.2.0/24",
                "id": "/subscriptions/1503bdfb-94fc-49de-a99f-49f1708e4f42/resourceGroups/TerraformResourceGroup/providers/Microsoft.Network/virtualNetworks/virtual_network_10/subnets/subnet_10_0_2",
                "name": "subnet_10_0_2",
                "security_group": ""
              }
            ],
            "tags": {},
            "timeouts": null,
            "vm_protection_enabled": false
          },
          "sensitive_attributes": [],
          "private": "eyJlMmJmYjczMC1lY2FhLTExZTYtOGY4OC0zNDM2M2JjN2M0YzAiOnsiY3JlYXRlIjoxODAwMDAwMDAwMDAwLCJkZWxldGUiOjE4MDAwMDAwMDAwMDAsInJlYWQiOjMwMDAwMDAwMDAwMCwidXBkYXRlIjoxODAwMDAwMDAwMDAwfX0=",
          "dependencies": [
            "azurerm_resource_group.rg_1"
          ]
        }
      ]
    }
  ]
}
